
Microsoft Visual Studio Solution File, Format Version 12.00
# Visual Studio Version 16
VisualStudioVersion = 16.0.31729.503
MinimumVisualStudioVersion = 10.0.40219.1
Project("{FAE04EC0-301F-11D3-BF4B-00C04F79EFBC}") = "Median of Two Sorted Arrays", "Median of Two Sorted Arrays\Median of Two Sorted Arrays.csproj", "{A3C2B2DA-5C9C-4379-9C17-BB99EB5429BE}"
EndProject
Global
	GlobalSection(SolutionConfigurationPlatforms) = preSolution
		Debug|Any CPU = Debug|Any CPU
		Release|Any CPU = Release|Any CPU
	EndGlobalSection
	GlobalSection(ProjectConfigurationPlatforms) = postSolution
		{A3C2B2DA-5C9C-4379-9C17-BB99EB5429BE}.Debug|Any CPU.ActiveCfg = Debug|Any CPU
		{A3C2B2DA-5C9C-4379-9C17-BB99EB5429BE}.Debug|Any CPU.Build.0 = Debug|Any CPU
		{A3C2B2DA-5C9C-4379-9C17-BB99EB5429BE}.Release|Any CPU.ActiveCfg = Release|Any CPU
		{A3C2B2DA-5C9C-4379-9C17-BB99EB5429BE}.Release|Any CPU.Build.0 = Release|Any CPU
	EndGlobalSection
	GlobalSection(SolutionProperties) = preSolution
		HideSolutionNode = FALSE
	EndGlobalSection
	GlobalSection(ExtensibilityGlobals) = postSolution
		SolutionGuid = {C03A46E6-A344-46BE-A469-F3FA09F87E29}
	EndGlobalSection
EndGlobal
